
Microsoft Visual Studio Solution File, Format Version 12.00
# Visual Studio Version 17
VisualStudioVersion = 17.12.35527.113 d17.12
MinimumVisualStudioVersion = 10.0.40219.1
Project("{888888A0-9F3D-457C-B088-3A5042F75D52}") = "TheFirstPyApp", "TheFirstPyApp\TheFirstPyApp.pyproj", "{401B9AC1-D4FD-4BD4-8808-7C4B979AFF8A}"
EndProject
Global
	GlobalSection(SolutionConfigurationPlatforms) = preSolution
		Debug|Any CPU = Debug|Any CPU
		Release|Any CPU = Release|Any CPU
	EndGlobalSection
	GlobalSection(ProjectConfigurationPlatforms) = postSolution
		{401B9AC1-D4FD-4BD4-8808-7C4B979AFF8A}.Debug|Any CPU.ActiveCfg = Debug|Any CPU
		{401B9AC1-D4FD-4BD4-8808-7C4B979AFF8A}.Release|Any CPU.ActiveCfg = Release|Any CPU
	EndGlobalSection
	GlobalSection(SolutionProperties) = preSolution
		HideSolutionNode = FALSE
	EndGlobalSection
EndGlobal
